
Microsoft Visual Studio Solution File, Format Version 12.00
# Visual Studio 15
VisualStudioVersion = 15.0.28307.1259
MinimumVisualStudioVersion = 10.0.40219.1
Project("{FAE04EC0-301F-11D3-BF4B-00C04F79EFBC}") = "Compresion", "Compresion\Compresion.csproj", "{9B9FCF8B-B354-4432-9336-A07F5046F4E6}"
EndProject
Project("{FAE04EC0-301F-11D3-BF4B-00C04F79EFBC}") = "Serie_II", "Serie_II\Serie_II.csproj", "{4D0475FB-1027-42FE-B83C-FB66AD0FB9BB}"
EndProject
Project("{FAE04EC0-301F-11D3-BF4B-00C04F79EFBC}") = "APIWeb", "APIWeb\APIWeb.csproj", "{8D0B6944-C6C5-479D-8BA3-F8424ED34001}"
EndProject
Global
	GlobalSection(SolutionConfigurationPlatforms) = preSolution
		Debug|Any CPU = Debug|Any CPU
		Release|Any CPU = Release|Any CPU
	EndGlobalSection
	GlobalSection(ProjectConfigurationPlatforms) = postSolution
		{9B9FCF8B-B354-4432-9336-A07F5046F4E6}.Debug|Any CPU.ActiveCfg = Debug|Any CPU
		{9B9FCF8B-B354-4432-9336-A07F5046F4E6}.Debug|Any CPU.Build.0 = Debug|Any CPU
		{9B9FCF8B-B354-4432-9336-A07F5046F4E6}.Release|Any CPU.ActiveCfg = Release|Any CPU
		{9B9FCF8B-B354-4432-9336-A07F5046F4E6}.Release|Any CPU.Build.0 = Release|Any CPU
		{4D0475FB-1027-42FE-B83C-FB66AD0FB9BB}.Debug|Any CPU.ActiveCfg = Debug|Any CPU
		{4D0475FB-1027-42FE-B83C-FB66AD0FB9BB}.Debug|Any CPU.Build.0 = Debug|Any CPU
		{4D0475FB-1027-42FE-B83C-FB66AD0FB9BB}.Release|Any CPU.ActiveCfg = Release|Any CPU
		{4D0475FB-1027-42FE-B83C-FB66AD0FB9BB}.Release|Any CPU.Build.0 = Release|Any CPU
		{8D0B6944-C6C5-479D-8BA3-F8424ED34001}.Debug|Any CPU.ActiveCfg = Debug|Any CPU
		{8D0B6944-C6C5-479D-8BA3-F8424ED34001}.Debug|Any CPU.Build.0 = Debug|Any CPU
		{8D0B6944-C6C5-479D-8BA3-F8424ED34001}.Release|Any CPU.ActiveCfg = Release|Any CPU
		{8D0B6944-C6C5-479D-8BA3-F8424ED34001}.Release|Any CPU.Build.0 = Release|Any CPU
	EndGlobalSection
	GlobalSection(SolutionProperties) = preSolution
		HideSolutionNode = FALSE
	EndGlobalSection
	GlobalSection(ExtensibilityGlobals) = postSolution
		SolutionGuid = {6E389888-85FE-470C-93E4-1A397F8BEDE3}
	EndGlobalSection
EndGlobal
